
Microsoft Visual Studio Solution File, Format Version 12.00
# Visual Studio Version 17
VisualStudioVersion = 17.5.002.0
MinimumVisualStudioVersion = 10.0.40219.1
Project("{9A19103F-16F7-4668-BE54-9A1E7A4F7556}") = "ScanDocuments", "ScanDocuments.csproj", "{104B8BBC-E034-451E-95E6-DA2DD4BEE946}"
EndProject
Global
	GlobalSection(SolutionConfigurationPlatforms) = preSolution
		Debug|Any CPU = Debug|Any CPU
		Release|Any CPU = Release|Any CPU
	EndGlobalSection
	GlobalSection(ProjectConfigurationPlatforms) = postSolution
		{104B8BBC-E034-451E-95E6-DA2DD4BEE946}.Debug|Any CPU.ActiveCfg = Debug|Any CPU
		{104B8BBC-E034-451E-95E6-DA2DD4BEE946}.Debug|Any CPU.Build.0 = Debug|Any CPU
		{104B8BBC-E034-451E-95E6-DA2DD4BEE946}.Release|Any CPU.ActiveCfg = Release|Any CPU
		{104B8BBC-E034-451E-95E6-DA2DD4BEE946}.Release|Any CPU.Build.0 = Release|Any CPU
	EndGlobalSection
	GlobalSection(SolutionProperties) = preSolution
		HideSolutionNode = FALSE
	EndGlobalSection
	GlobalSection(ExtensibilityGlobals) = postSolution
		SolutionGuid = {C9683A5E-09B3-43EE-98C7-2610C82903C0}
	EndGlobalSection
EndGlobal
